<?xml version="1.0" encoding="utf-8"?>
<Project ToolsVersion="4.0" xmlns="http://schemas.microsoft.com/developer/msbuild/2003">
  <ItemGroup>
    <Filter Include="Source Files">
      <UniqueIdentifier>{c49dcedd-6e82-4e26-b6c9-7ec42183f349}</UniqueIdentifier>
      <Extensions>cpp;c;cxx;rc;def;r;odl;idl;hpj;bat</Extensions>
    </Filter>
    <Filter Include="Header Files">
      <UniqueIdentifier>{0a37191a-ae13-4031-acf2-fabd0f43d0dd}</UniqueIdentifier>
      <Extensions>h;hpp;hxx;hm;inl</Extensions>
    </Filter>
    <Filter Include="Resource Files">
      <UniqueIdentifier>{0bd16e3d-8053-4189-acb2-448fa1de4433}</UniqueIdentifier>
      <Extensions>ico;cur;bmp;dlg;rc2;rct;bin;rgs;gif;jpg;jpeg;jpe</Extensions>
    </Filter>
  </ItemGroup>
  <ItemGroup>
    <ClCompile Include="DfuFileMgr.cpp">
      <Filter>Source Files</Filter>
    </ClCompile>
    <ClCompile Include="DfuFileMgrDlg.cpp">
      <Filter>Source Files</Filter>
    </ClCompile>
    <ClCompile Include="DfuFileMgrDlgExtract.cpp">
      <Filter>Source Files</Filter>
    </ClCompile>
    <ClCompile Include="HexEdit.cpp">
      <Filter>Source Files</Filter>
    </ClCompile>
    <ClCompile Include="MultiBinDlg.cpp">
      <Filter>Source Files</Filter>
    </ClCompile>
    <ClCompile Include="StdAfx.cpp">
      <Filter>Source Files</Filter>
    </ClCompile>
    <ClCompile Include="WhatToDoDlg.cpp">
      <Filter>Source Files</Filter>
    </ClCompile>
  </ItemGroup>
  <ItemGroup>
    <ResourceCompile Include="DfuFileMgr.rc">
      <Filter>Source Files</Filter>
    </ResourceCompile>
  </ItemGroup>
  <ItemGroup>
    <ClInclude Include="DfuFileMgr.h">
      <Filter>Header Files</Filter>
    </ClInclude>
    <ClInclude Include="DfuFileMgrDlg.h">
      <Filter>Header Files</Filter>
    </ClInclude>
    <ClInclude Include="DfuFileMgrDlgExtract.h">
      <Filter>Header Files</Filter>
    </ClInclude>
    <ClInclude Include="HexEdit.h">
      <Filter>Header Files</Filter>
    </ClInclude>
    <ClInclude Include="MultiBinDlg.h">
      <Filter>Header Files</Filter>
    </ClInclude>
    <ClInclude Include="Resource.h">
      <Filter>Header Files</Filter>
    </ClInclude>
    <ClInclude Include="StdAfx.h">
      <Filter>Header Files</Filter>
    </ClInclude>
    <ClInclude Include="WhatToDoDlg.h">
      <Filter>Header Files</Filter>
    </ClInclude>
  </ItemGroup>
  <ItemGroup>
    <Image Include="ADD.ICO">
      <Filter>Resource Files</Filter>
    </Image>
    <Image Include="DEL.ICO">
      <Filter>Resource Files</Filter>
    </Image>
    <Image Include="DFU File Manager.ico">
      <Filter>Resource Files</Filter>
    </Image>
    <Image Include="res\DfuFileMgr.ico">
      <Filter>Resource Files</Filter>
    </Image>
    <Image Include="idr_main.ico">
      <Filter>Resource Files</Filter>
    </Image>
    <Image Include="TASKACCS.ICO">
      <Filter>Resource Files</Filter>
    </Image>
    <Image Include="TASKDECS.ICO">
      <Filter>Resource Files</Filter>
    </Image>
  </ItemGroup>
  <ItemGroup>
    <CustomBuild Include="res\DfuFileMgr.rc2">
      <Filter>Resource Files</Filter>
    </CustomBuild>
  </ItemGroup>
</Project>