<?xml version="1.0" encoding="utf-8"?>
<Project ToolsVersion="4.0" xmlns="http://schemas.microsoft.com/developer/msbuild/2003">
  <ItemGroup>
    <Filter Include="Source Files">
      <UniqueIdentifier>{bcd62da9-8d86-41dc-9a77-2d74ca760d0c}</UniqueIdentifier>
      <Extensions>cpp;c;cxx;rc;def;r;odl;idl;hpj;bat</Extensions>
    </Filter>
    <Filter Include="Header Files">
      <UniqueIdentifier>{7103456d-ab0a-498f-ae57-d5b2a9a9aabe}</UniqueIdentifier>
      <Extensions>h;hpp;hxx;hm;inl</Extensions>
    </Filter>
    <Filter Include="Resource Files">
      <UniqueIdentifier>{6a88784c-f938-4310-94d8-a79078f6581c}</UniqueIdentifier>
      <Extensions>ico;cur;bmp;dlg;rc2;rct;bin;rgs;gif;jpg;jpeg;jpe</Extensions>
    </Filter>
  </ItemGroup>
  <ItemGroup>
    <ClCompile Include="StdAfx.cpp">
      <Filter>Source Files</Filter>
    </ClCompile>
    <ClCompile Include="STDevice.cpp">
      <Filter>Source Files</Filter>
    </ClCompile>
    <ClCompile Include="STDevicesMgr.cpp">
      <Filter>Source Files</Filter>
    </ClCompile>
    <ClCompile Include="STTubeDevice.cpp">
      <Filter>Source Files</Filter>
    </ClCompile>
  </ItemGroup>
  <ItemGroup>
    <ResourceCompile Include="STTubeDevice.rc">
      <Filter>Source Files</Filter>
    </ResourceCompile>
  </ItemGroup>
  <ItemGroup>
    <ClInclude Include="Resource.h">
      <Filter>Header Files</Filter>
    </ClInclude>
    <ClInclude Include="StdAfx.h">
      <Filter>Header Files</Filter>
    </ClInclude>
    <ClInclude Include="STDevice.h">
      <Filter>Header Files</Filter>
    </ClInclude>
    <ClInclude Include="STDevicesMgr.h">
      <Filter>Header Files</Filter>
    </ClInclude>
    <ClInclude Include="STTubeDevice.h">
      <Filter>Header Files</Filter>
    </ClInclude>
    <ClInclude Include="interface\STTubeDeviceErr30.h">
      <Filter>Header Files</Filter>
    </ClInclude>
    <ClInclude Include="interface\STTubeDeviceFun30.h">
      <Filter>Header Files</Filter>
    </ClInclude>
    <ClInclude Include="interface\STTubeDeviceTyp30.h">
      <Filter>Header Files</Filter>
    </ClInclude>
  </ItemGroup>
  <ItemGroup>
    <CustomBuild Include="STTubeDevice.def">
      <Filter>Source Files</Filter>
    </CustomBuild>
  </ItemGroup>
</Project>